// !$*UTF8*$!
{
	archiveVersion = 1;
	classes = {
	};
	objectVersion = 54;
	objects = {

/* Begin PBXBuildFile section */
		0632EDD41CA1A6DB00DD3CB8 /* Parse+LiveQuery.swift in Sources */ = {isa = PBXBuildFile; fileRef = 0632EDD31CA1A6DB00DD3CB8 /* Parse+LiveQuery.swift */; };
		4A819D9D1D937866009C0F61 /* ObjCCompat.swift in Sources */ = {isa = PBXBuildFile; fileRef = F54D58B51C8E33D9009F8D6C /* ObjCCompat.swift */; };
		F1002FE12BC70083006C0D11 /* ParseTestApp.swift in Sources */ = {isa = PBXBuildFile; fileRef = F1002FE02BC70083006C0D11 /* ParseTestApp.swift */; };
		F1002FE32BC70083006C0D11 /* ContentView.swift in Sources */ = {isa = PBXBuildFile; fileRef = F1002FE22BC70083006C0D11 /* ContentView.swift */; };
		F1002FE52BC70084006C0D11 /* Assets.xcassets in Resources */ = {isa = PBXBuildFile; fileRef = F1002FE42BC70084006C0D11 /* Assets.xcassets */; };
		F1002FE82BC70084006C0D11 /* Preview Assets.xcassets in Resources */ = {isa = PBXBuildFile; fileRef = F1002FE72BC70084006C0D11 /* Preview Assets.xcassets */; };
		F147F9892BC98B8600422672 /* Project.rb in Resources */ = {isa = PBXBuildFile; fileRef = F147F9882BC98B8600422672 /* Project.rb */; };
		F16F580C2BC9CABD002F8EAF /* BoltsSwift.xcframework in Frameworks */ = {isa = PBXBuildFile; fileRef = F1ABBDDC2BC987B20082143F /* BoltsSwift.xcframework */; };
		F16F580E2BC9CACC002F8EAF /* BoltsSwift.xcframework in Frameworks */ = {isa = PBXBuildFile; fileRef = F1ABBDDC2BC987B20082143F /* BoltsSwift.xcframework */; };
		F16F580F2BC9CACC002F8EAF /* BoltsSwift.xcframework in Embed Frameworks */ = {isa = PBXBuildFile; fileRef = F1ABBDDC2BC987B20082143F /* BoltsSwift.xcframework */; settings = {ATTRIBUTES = (CodeSignOnCopy, RemoveHeadersOnCopy, ); }; };
		F16F58112BC9CADE002F8EAF /* ParseCore.xcframework in Frameworks */ = {isa = PBXBuildFile; fileRef = F1ABBDDF2BC987B20082143F /* ParseCore.xcframework */; };
		F16F58122BC9CADE002F8EAF /* ParseCore.xcframework in Embed Frameworks */ = {isa = PBXBuildFile; fileRef = F1ABBDDF2BC987B20082143F /* ParseCore.xcframework */; settings = {ATTRIBUTES = (CodeSignOnCopy, RemoveHeadersOnCopy, ); }; };
		F16F58132BC9CB02002F8EAF /* Bolts.xcframework in Frameworks */ = {isa = PBXBuildFile; fileRef = F16F57EA2BC9C1A3002F8EAF /* Bolts.xcframework */; };
		F16F58142BC9CB02002F8EAF /* Bolts.xcframework in Embed Frameworks */ = {isa = PBXBuildFile; fileRef = F16F57EA2BC9C1A3002F8EAF /* Bolts.xcframework */; settings = {ATTRIBUTES = (CodeSignOnCopy, RemoveHeadersOnCopy, ); }; };
		F16F58152BC9CB14002F8EAF /* ParseCore.xcframework in Frameworks */ = {isa = PBXBuildFile; fileRef = F1ABBDDF2BC987B20082143F /* ParseCore.xcframework */; };
		F16F58162BC9CB14002F8EAF /* ParseCore.xcframework in Embed Frameworks */ = {isa = PBXBuildFile; fileRef = F1ABBDDF2BC987B20082143F /* ParseCore.xcframework */; settings = {ATTRIBUTES = (CodeSignOnCopy, RemoveHeadersOnCopy, ); }; };
		F1ABBDE22BC987B20082143F /* Starscream.xcframework in Frameworks */ = {isa = PBXBuildFile; fileRef = F1ABBDDD2BC987B20082143F /* Starscream.xcframework */; };
		F1ABBDED2BC987D10082143F /* build-frameworks.sh in Resources */ = {isa = PBXBuildFile; fileRef = F1ABBDE72BC987D10082143F /* build-frameworks.sh */; };
		F1ABBDEE2BC987D10082143F /* build-dependencies.sh in Resources */ = {isa = PBXBuildFile; fileRef = F1ABBDE82BC987D10082143F /* build-dependencies.sh */; };
		F1ABBDEF2BC987D10082143F /* build-xcframework-from-git.sh in Resources */ = {isa = PBXBuildFile; fileRef = F1ABBDE92BC987D10082143F /* build-xcframework-from-git.sh */; };
		F1ABBDF12BC987D10082143F /* build-parse.sh in Resources */ = {isa = PBXBuildFile; fileRef = F1ABBDEB2BC987D10082143F /* build-parse.sh */; };
		F1ABBDF22BC987D10082143F /* build-xcframework-from-pod.sh in Resources */ = {isa = PBXBuildFile; fileRef = F1ABBDEC2BC987D10082143F /* build-xcframework-from-pod.sh */; };
		F1ABBE042BC9883C0082143F /* Starscream.xcframework in Frameworks */ = {isa = PBXBuildFile; fileRef = F1ABBDDD2BC987B20082143F /* Starscream.xcframework */; };
		F1ABBE052BC9883C0082143F /* Starscream.xcframework in Embed Frameworks */ = {isa = PBXBuildFile; fileRef = F1ABBDDD2BC987B20082143F /* Starscream.xcframework */; settings = {ATTRIBUTES = (CodeSignOnCopy, RemoveHeadersOnCopy, ); }; };
		F1E347EB2BC99ED300D64759 /* SystemConfiguration.framework in Frameworks */ = {isa = PBXBuildFile; fileRef = F1E347EA2BC99ED300D64759 /* SystemConfiguration.framework */; };
		F1E347ED2BC99EE200D64759 /* libsqlite3.tbd in Frameworks */ = {isa = PBXBuildFile; fileRef = F1E347EC2BC99EDC00D64759 /* libsqlite3.tbd */; };
		F1E347EF2BC99EF300D64759 /* AudioToolbox.framework in Frameworks */ = {isa = PBXBuildFile; fileRef = F1E347EE2BC99EF300D64759 /* AudioToolbox.framework */; };
		F1E347F22BC99F0F00D64759 /* Security.framework in Frameworks */ = {isa = PBXBuildFile; fileRef = F1E347F12BC99F0F00D64759 /* Security.framework */; };
		F1E347F32BC99F1600D64759 /* libicucore.tbd in Frameworks */ = {isa = PBXBuildFile; fileRef = F1E347F02BC99EF900D64759 /* libicucore.tbd */; };
		F1E348EC2BC9AABC00D64759 /* TMGParseLiveQuery.xcframework in Frameworks */ = {isa = PBXBuildFile; fileRef = F1ABBDDE2BC987B20082143F /* TMGParseLiveQuery.xcframework */; };
		F1E348ED2BC9AABC00D64759 /* TMGParseLiveQuery.xcframework in Embed Frameworks */ = {isa = PBXBuildFile; fileRef = F1ABBDDE2BC987B20082143F /* TMGParseLiveQuery.xcframework */; settings = {ATTRIBUTES = (CodeSignOnCopy, RemoveHeadersOnCopy, ); }; };
		F5A88F4E1C9B7341002F0E0D /* QueryEncoder.swift in Sources */ = {isa = PBXBuildFile; fileRef = F5591BA91BD97BB70072F966 /* QueryEncoder.swift */; };
		F5A88F4F1C9B7341002F0E0D /* Operation.swift in Sources */ = {isa = PBXBuildFile; fileRef = F534A5B31BDB09CE00CBD11A /* Operation.swift */; };
		F5A88F501C9B7341002F0E0D /* ClientPrivate.swift in Sources */ = {isa = PBXBuildFile; fileRef = F54D58B71C8E3446009F8D6C /* ClientPrivate.swift */; };
		F5A88F521C9B7341002F0E0D /* Client.swift in Sources */ = {isa = PBXBuildFile; fileRef = F5591BA31BD720E10072F966 /* Client.swift */; };
		F5A88F531C9B7341002F0E0D /* Subscription.swift in Sources */ = {isa = PBXBuildFile; fileRef = F534A5B11BDAFE0200CBD11A /* Subscription.swift */; };
		F5A88F551C9B7341002F0E0D /* Errors.swift in Sources */ = {isa = PBXBuildFile; fileRef = F59CA92E1C8E496200329737 /* Errors.swift */; };
		F5A88F561C9B7341002F0E0D /* PFQuery+Subscribe.swift in Sources */ = {isa = PBXBuildFile; fileRef = F5A88F491C9B6EBA002F0E0D /* PFQuery+Subscribe.swift */; };
/* End PBXBuildFile section */

/* Begin PBXCopyFilesBuildPhase section */
		F16F58102BC9CACC002F8EAF /* Embed Frameworks */ = {
			isa = PBXCopyFilesBuildPhase;
			buildActionMask = 2147483647;
			dstPath = "";
			dstSubfolderSpec = 10;
			files = (
				F16F58122BC9CADE002F8EAF /* ParseCore.xcframework in Embed Frameworks */,
				F16F58142BC9CB02002F8EAF /* Bolts.xcframework in Embed Frameworks */,
				F16F580F2BC9CACC002F8EAF /* BoltsSwift.xcframework in Embed Frameworks */,
			);
			name = "Embed Frameworks";
			runOnlyForDeploymentPostprocessing = 0;
		};
		F1ABBDF52BC987E90082143F /* Embed Frameworks */ = {
			isa = PBXCopyFilesBuildPhase;
			buildActionMask = 2147483647;
			dstPath = "";
			dstSubfolderSpec = 10;
			files = (
				F1ABBE052BC9883C0082143F /* Starscream.xcframework in Embed Frameworks */,
				F1E348ED2BC9AABC00D64759 /* TMGParseLiveQuery.xcframework in Embed Frameworks */,
				F16F58162BC9CB14002F8EAF /* ParseCore.xcframework in Embed Frameworks */,
			);
			name = "Embed Frameworks";
			runOnlyForDeploymentPostprocessing = 0;
		};
/* End PBXCopyFilesBuildPhase section */

/* Begin PBXFileReference section */
		0632EDD31CA1A6DB00DD3CB8 /* Parse+LiveQuery.swift */ = {isa = PBXFileReference; fileEncoding = 4; lastKnownFileType = sourcecode.swift; path = "Parse+LiveQuery.swift"; sourceTree = "<group>"; };
		F1002FDE2BC70083006C0D11 /* ParseTest.app */ = {isa = PBXFileReference; explicitFileType = wrapper.application; includeInIndex = 0; path = ParseTest.app; sourceTree = BUILT_PRODUCTS_DIR; };
		F1002FE02BC70083006C0D11 /* ParseTestApp.swift */ = {isa = PBXFileReference; lastKnownFileType = sourcecode.swift; path = ParseTestApp.swift; sourceTree = "<group>"; };
		F1002FE22BC70083006C0D11 /* ContentView.swift */ = {isa = PBXFileReference; lastKnownFileType = sourcecode.swift; path = ContentView.swift; sourceTree = "<group>"; };
		F1002FE42BC70084006C0D11 /* Assets.xcassets */ = {isa = PBXFileReference; lastKnownFileType = folder.assetcatalog; path = Assets.xcassets; sourceTree = "<group>"; };
		F1002FE72BC70084006C0D11 /* Preview Assets.xcassets */ = {isa = PBXFileReference; lastKnownFileType = folder.assetcatalog; path = "Preview Assets.xcassets"; sourceTree = "<group>"; };
		F147F9852BC98B4200422672 /* ParseCore.h */ = {isa = PBXFileReference; fileEncoding = 4; lastKnownFileType = sourcecode.c.h; path = ParseCore.h; sourceTree = "<group>"; };
		F147F9882BC98B8600422672 /* Project.rb */ = {isa = PBXFileReference; lastKnownFileType = text.script.ruby; path = Project.rb; sourceTree = "<group>"; };
		F16F57EA2BC9C1A3002F8EAF /* Bolts.xcframework */ = {isa = PBXFileReference; lastKnownFileType = wrapper.xcframework; name = Bolts.xcframework; path = ../Frameworks/Bolts.xcframework; sourceTree = "<group>"; };
		F1ABBDDC2BC987B20082143F /* BoltsSwift.xcframework */ = {isa = PBXFileReference; lastKnownFileType = wrapper.xcframework; name = BoltsSwift.xcframework; path = ../Frameworks/BoltsSwift.xcframework; sourceTree = "<group>"; };
		F1ABBDDD2BC987B20082143F /* Starscream.xcframework */ = {isa = PBXFileReference; lastKnownFileType = wrapper.xcframework; name = Starscream.xcframework; path = ../Frameworks/Starscream.xcframework; sourceTree = "<group>"; };
		F1ABBDDE2BC987B20082143F /* TMGParseLiveQuery.xcframework */ = {isa = PBXFileReference; lastKnownFileType = wrapper.xcframework; name = TMGParseLiveQuery.xcframework; path = ../Frameworks/TMGParseLiveQuery.xcframework; sourceTree = "<group>"; };
		F1ABBDDF2BC987B20082143F /* ParseCore.xcframework */ = {isa = PBXFileReference; lastKnownFileType = wrapper.xcframework; name = ParseCore.xcframework; path = ../Frameworks/ParseCore.xcframework; sourceTree = "<group>"; };
		F1ABBDE72BC987D10082143F /* build-frameworks.sh */ = {isa = PBXFileReference; fileEncoding = 4; lastKnownFileType = text.script.sh; name = "build-frameworks.sh"; path = "../build-frameworks.sh"; sourceTree = "<group>"; };
		F1ABBDE82BC987D10082143F /* build-dependencies.sh */ = {isa = PBXFileReference; fileEncoding = 4; lastKnownFileType = text.script.sh; name = "build-dependencies.sh"; path = "../build-dependencies.sh"; sourceTree = "<group>"; };
		F1ABBDE92BC987D10082143F /* build-xcframework-from-git.sh */ = {isa = PBXFileReference; fileEncoding = 4; lastKnownFileType = text.script.sh; name = "build-xcframework-from-git.sh"; path = "../build-xcframework-from-git.sh"; sourceTree = "<group>"; };
		F1ABBDEB2BC987D10082143F /* build-parse.sh */ = {isa = PBXFileReference; fileEncoding = 4; lastKnownFileType = text.script.sh; name = "build-parse.sh"; path = "../build-parse.sh"; sourceTree = "<group>"; };
		F1ABBDEC2BC987D10082143F /* build-xcframework-from-pod.sh */ = {isa = PBXFileReference; fileEncoding = 4; lastKnownFileType = text.script.sh; name = "build-xcframework-from-pod.sh"; path = "../build-xcframework-from-pod.sh"; sourceTree = "<group>"; };
		F1E347EA2BC99ED300D64759 /* SystemConfiguration.framework */ = {isa = PBXFileReference; lastKnownFileType = wrapper.framework; name = SystemConfiguration.framework; path = System/Library/Frameworks/SystemConfiguration.framework; sourceTree = SDKROOT; };
		F1E347EC2BC99EDC00D64759 /* libsqlite3.tbd */ = {isa = PBXFileReference; lastKnownFileType = "sourcecode.text-based-dylib-definition"; name = libsqlite3.tbd; path = usr/lib/libsqlite3.tbd; sourceTree = SDKROOT; };
		F1E347EE2BC99EF300D64759 /* AudioToolbox.framework */ = {isa = PBXFileReference; lastKnownFileType = wrapper.framework; name = AudioToolbox.framework; path = System/Library/Frameworks/AudioToolbox.framework; sourceTree = SDKROOT; };
		F1E347F02BC99EF900D64759 /* libicucore.tbd */ = {isa = PBXFileReference; lastKnownFileType = "sourcecode.text-based-dylib-definition"; name = libicucore.tbd; path = usr/lib/libicucore.tbd; sourceTree = SDKROOT; };
		F1E347F12BC99F0F00D64759 /* Security.framework */ = {isa = PBXFileReference; lastKnownFileType = wrapper.framework; name = Security.framework; path = System/Library/Frameworks/Security.framework; sourceTree = SDKROOT; };
		F5256FD31BD71F9A0052FB8A /* Info.plist */ = {isa = PBXFileReference; lastKnownFileType = text.plist.xml; path = Info.plist; sourceTree = "<group>"; };
		F534A5B11BDAFE0200CBD11A /* Subscription.swift */ = {isa = PBXFileReference; fileEncoding = 4; lastKnownFileType = sourcecode.swift; path = Subscription.swift; sourceTree = "<group>"; };
		F534A5B31BDB09CE00CBD11A /* Operation.swift */ = {isa = PBXFileReference; fileEncoding = 4; lastKnownFileType = sourcecode.swift; path = Operation.swift; sourceTree = "<group>"; };
		F54D58B51C8E33D9009F8D6C /* ObjCCompat.swift */ = {isa = PBXFileReference; fileEncoding = 4; lastKnownFileType = sourcecode.swift; path = ObjCCompat.swift; sourceTree = "<group>"; };
		F54D58B71C8E3446009F8D6C /* ClientPrivate.swift */ = {isa = PBXFileReference; fileEncoding = 4; lastKnownFileType = sourcecode.swift; path = ClientPrivate.swift; sourceTree = "<group>"; };
		F5591BA31BD720E10072F966 /* Client.swift */ = {isa = PBXFileReference; fileEncoding = 4; lastKnownFileType = sourcecode.swift; path = Client.swift; sourceTree = "<group>"; };
		F5591BA91BD97BB70072F966 /* QueryEncoder.swift */ = {isa = PBXFileReference; fileEncoding = 4; lastKnownFileType = sourcecode.swift; path = QueryEncoder.swift; sourceTree = "<group>"; };
		F59CA92E1C8E496200329737 /* Errors.swift */ = {isa = PBXFileReference; fileEncoding = 4; lastKnownFileType = sourcecode.swift; name = Errors.swift; path = Internal/Errors.swift; sourceTree = "<group>"; };
		F5A88F491C9B6EBA002F0E0D /* PFQuery+Subscribe.swift */ = {isa = PBXFileReference; fileEncoding = 4; lastKnownFileType = sourcecode.swift; path = "PFQuery+Subscribe.swift"; sourceTree = "<group>"; };
		F5A9BFCA1BE0248D00E78326 /* TMGParseLiveQuery.framework */ = {isa = PBXFileReference; explicitFileType = wrapper.framework; includeInIndex = 0; path = TMGParseLiveQuery.framework; sourceTree = BUILT_PRODUCTS_DIR; };
/* End PBXFileReference section */

/* Begin PBXFrameworksBuildPhase section */
		F1002FDB2BC70083006C0D11 /* Frameworks */ = {
			isa = PBXFrameworksBuildPhase;
			buildActionMask = 2147483647;
			files = (
				F16F58152BC9CB14002F8EAF /* ParseCore.xcframework in Frameworks */,
				F1ABBE042BC9883C0082143F /* Starscream.xcframework in Frameworks */,
				F16F580C2BC9CABD002F8EAF /* BoltsSwift.xcframework in Frameworks */,
				F1E348EC2BC9AABC00D64759 /* TMGParseLiveQuery.xcframework in Frameworks */,
			);
			runOnlyForDeploymentPostprocessing = 0;
		};
		F5A9BFC01BE0248D00E78326 /* Frameworks */ = {
			isa = PBXFrameworksBuildPhase;
			buildActionMask = 2147483647;
			files = (
				F1E347ED2BC99EE200D64759 /* libsqlite3.tbd in Frameworks */,
				F16F58132BC9CB02002F8EAF /* Bolts.xcframework in Frameworks */,
				F16F580E2BC9CACC002F8EAF /* BoltsSwift.xcframework in Frameworks */,
				F16F58112BC9CADE002F8EAF /* ParseCore.xcframework in Frameworks */,
				F1E347EB2BC99ED300D64759 /* SystemConfiguration.framework in Frameworks */,
				F1ABBDE22BC987B20082143F /* Starscream.xcframework in Frameworks */,
				F1E347F32BC99F1600D64759 /* libicucore.tbd in Frameworks */,
				F1E347EF2BC99EF300D64759 /* AudioToolbox.framework in Frameworks */,
				F1E347F22BC99F0F00D64759 /* Security.framework in Frameworks */,
			);
			runOnlyForDeploymentPostprocessing = 0;
		};
/* End PBXFrameworksBuildPhase section */

/* Begin PBXGroup section */
		0BD13CAB7945A6C1A2A7B613 /* Frameworks */ = {
			isa = PBXGroup;
			children = (
				F1E347F12BC99F0F00D64759 /* Security.framework */,
				F1E347F02BC99EF900D64759 /* libicucore.tbd */,
				F1E347EE2BC99EF300D64759 /* AudioToolbox.framework */,
				F1E347EC2BC99EDC00D64759 /* libsqlite3.tbd */,
				F1E347EA2BC99ED300D64759 /* SystemConfiguration.framework */,
				F16F57EA2BC9C1A3002F8EAF /* Bolts.xcframework */,
				F1ABBDDC2BC987B20082143F /* BoltsSwift.xcframework */,
				F1ABBDDF2BC987B20082143F /* ParseCore.xcframework */,
				F1ABBDDD2BC987B20082143F /* Starscream.xcframework */,
				F1ABBDDE2BC987B20082143F /* TMGParseLiveQuery.xcframework */,
			);
			name = Frameworks;
			sourceTree = "<group>";
		};
		81464FC51CA31DA0000235E7 /* Resources */ = {
			isa = PBXGroup;
			children = (
				F5256FD31BD71F9A0052FB8A /* Info.plist */,
			);
			name = Resources;
			sourceTree = "<group>";
		};
		F1002FDF2BC70083006C0D11 /* ParseTest */ = {
			isa = PBXGroup;
			children = (
				F1002FE02BC70083006C0D11 /* ParseTestApp.swift */,
				F1002FE22BC70083006C0D11 /* ContentView.swift */,
				F1002FE42BC70084006C0D11 /* Assets.xcassets */,
				F1002FE62BC70084006C0D11 /* Preview Content */,
			);
			path = ParseTest;
			sourceTree = "<group>";
		};
		F1002FE62BC70084006C0D11 /* Preview Content */ = {
			isa = PBXGroup;
			children = (
				F1002FE72BC70084006C0D11 /* Preview Assets.xcassets */,
			);
			path = "Preview Content";
			sourceTree = "<group>";
		};
		F147F9862BC98B4200422672 /* Parse */ = {
			isa = PBXGroup;
			children = (
				F147F9852BC98B4200422672 /* ParseCore.h */,
				F147F9882BC98B8600422672 /* Project.rb */,
			);
			name = Parse;
			path = ../Parse;
			sourceTree = "<group>";
		};
		F1ABBDE62BC987C30082143F /* Scripts */ = {
			isa = PBXGroup;
			children = (
				F1ABBDE82BC987D10082143F /* build-dependencies.sh */,
				F1ABBDE72BC987D10082143F /* build-frameworks.sh */,
				F1ABBDEB2BC987D10082143F /* build-parse.sh */,
				F1ABBDE92BC987D10082143F /* build-xcframework-from-git.sh */,
				F1ABBDEC2BC987D10082143F /* build-xcframework-from-pod.sh */,
			);
			name = Scripts;
			sourceTree = "<group>";
		};
		F5256FC41BD71F9A0052FB8A = {
			isa = PBXGroup;
			children = (
				F147F9862BC98B4200422672 /* Parse */,
				F1ABBDE62BC987C30082143F /* Scripts */,
				0BD13CAB7945A6C1A2A7B613 /* Frameworks */,
				F5256FD01BD71F9A0052FB8A /* ParseLiveQuery */,
				F1002FDF2BC70083006C0D11 /* ParseTest */,
				F5256FCF1BD71F9A0052FB8A /* Products */,
			);
			indentWidth = 4;
			sourceTree = "<group>";
			tabWidth = 4;
		};
		F5256FCF1BD71F9A0052FB8A /* Products */ = {
			isa = PBXGroup;
			children = (
				F5A9BFCA1BE0248D00E78326 /* TMGParseLiveQuery.framework */,
				F1002FDE2BC70083006C0D11 /* ParseTest.app */,
			);
			name = Products;
			sourceTree = "<group>";
		};
		F5256FD01BD71F9A0052FB8A /* ParseLiveQuery */ = {
			isa = PBXGroup;
			children = (
				F5DC9D381BD9BAFC00E8FF07 /* Internal */,
				F5591BA31BD720E10072F966 /* Client.swift */,
				F534A5B11BDAFE0200CBD11A /* Subscription.swift */,
				F54D58B51C8E33D9009F8D6C /* ObjCCompat.swift */,
				F59CA92E1C8E496200329737 /* Errors.swift */,
				0632EDD31CA1A6DB00DD3CB8 /* Parse+LiveQuery.swift */,
				F5A88F491C9B6EBA002F0E0D /* PFQuery+Subscribe.swift */,
				81464FC51CA31DA0000235E7 /* Resources */,
			);
			path = ParseLiveQuery;
			sourceTree = "<group>";
		};
		F5DC9D381BD9BAFC00E8FF07 /* Internal */ = {
			isa = PBXGroup;
			children = (
				F5591BA91BD97BB70072F966 /* QueryEncoder.swift */,
				F534A5B31BDB09CE00CBD11A /* Operation.swift */,
				F54D58B71C8E3446009F8D6C /* ClientPrivate.swift */,
			);
			path = Internal;
			sourceTree = "<group>";
		};
/* End PBXGroup section */

/* Begin PBXHeadersBuildPhase section */
		F5A9BFC31BE0248D00E78326 /* Headers */ = {
			isa = PBXHeadersBuildPhase;
			buildActionMask = 2147483647;
			files = (
			);
			runOnlyForDeploymentPostprocessing = 0;
		};
/* End PBXHeadersBuildPhase section */

/* Begin PBXNativeTarget section */
		F1002FDD2BC70083006C0D11 /* ParseTest */ = {
			isa = PBXNativeTarget;
			buildConfigurationList = F1002FEB2BC70084006C0D11 /* Build configuration list for PBXNativeTarget "ParseTest" */;
			buildPhases = (
				F1002FDA2BC70083006C0D11 /* Sources */,
				F1002FDB2BC70083006C0D11 /* Frameworks */,
				F1002FDC2BC70083006C0D11 /* Resources */,
				F1ABBDF52BC987E90082143F /* Embed Frameworks */,
			);
			buildRules = (
			);
			dependencies = (
			);
			name = ParseTest;
			productName = ParseTest;
			productReference = F1002FDE2BC70083006C0D11 /* ParseTest.app */;
			productType = "com.apple.product-type.application";
		};
		F5A9BFB61BE0248D00E78326 /* ParseLiveQuery-iOS */ = {
			isa = PBXNativeTarget;
			buildConfigurationList = F5A9BFC71BE0248D00E78326 /* Build configuration list for PBXNativeTarget "ParseLiveQuery-iOS" */;
			buildPhases = (
				F1002F522BC6EAA6006C0D11 /* ShellScript */,
				F5A9BFBA1BE0248D00E78326 /* Sources */,
				F5A9BFC01BE0248D00E78326 /* Frameworks */,
				F5A9BFC31BE0248D00E78326 /* Headers */,
				F5A9BFC51BE0248D00E78326 /* Resources */,
				F16F58102BC9CACC002F8EAF /* Embed Frameworks */,
			);
			buildRules = (
			);
			dependencies = (
			);
			name = "ParseLiveQuery-iOS";
			productName = ParseLiveQuery;
			productReference = F5A9BFCA1BE0248D00E78326 /* TMGParseLiveQuery.framework */;
			productType = "com.apple.product-type.framework";
		};
/* End PBXNativeTarget section */

/* Begin PBXProject section */
		F5256FC51BD71F9A0052FB8A /* Project object */ = {
			isa = PBXProject;
			attributes = {
				BuildIndependentTargetsInParallel = YES;
				LastSwiftUpdateCheck = 1530;
				LastUpgradeCheck = 1530;
				ORGANIZATIONNAME = Parse;
				TargetAttributes = {
					F1002FDD2BC70083006C0D11 = {
						CreatedOnToolsVersion = 15.3;
					};
					F5A9BFB61BE0248D00E78326 = {
						LastSwiftMigration = 1010;
					};
				};
			};
			buildConfigurationList = F5256FC81BD71F9A0052FB8A /* Build configuration list for PBXProject "ParseLiveQuery" */;
			compatibilityVersion = "Xcode 3.2";
			developmentRegion = en;
			hasScannedForEncodings = 0;
			knownRegions = (
				en,
				Base,
			);
			mainGroup = F5256FC41BD71F9A0052FB8A;
			productRefGroup = F5256FCF1BD71F9A0052FB8A /* Products */;
			projectDirPath = "";
			projectRoot = "";
			targets = (
				F5A9BFB61BE0248D00E78326 /* ParseLiveQuery-iOS */,
				F1002FDD2BC70083006C0D11 /* ParseTest */,
			);
		};
/* End PBXProject section */

/* Begin PBXResourcesBuildPhase section */
		F1002FDC2BC70083006C0D11 /* Resources */ = {
			isa = PBXResourcesBuildPhase;
			buildActionMask = 2147483647;
			files = (
				F1002FE82BC70084006C0D11 /* Preview Assets.xcassets in Resources */,
				F1002FE52BC70084006C0D11 /* Assets.xcassets in Resources */,
			);
			runOnlyForDeploymentPostprocessing = 0;
		};
		F5A9BFC51BE0248D00E78326 /* Resources */ = {
			isa = PBXResourcesBuildPhase;
			buildActionMask = 2147483647;
			files = (
				F1ABBDEE2BC987D10082143F /* build-dependencies.sh in Resources */,
				F1ABBDEF2BC987D10082143F /* build-xcframework-from-git.sh in Resources */,
				F1ABBDED2BC987D10082143F /* build-frameworks.sh in Resources */,
				F147F9892BC98B8600422672 /* Project.rb in Resources */,
				F1ABBDF12BC987D10082143F /* build-parse.sh in Resources */,
				F1ABBDF22BC987D10082143F /* build-xcframework-from-pod.sh in Resources */,
			);
			runOnlyForDeploymentPostprocessing = 0;
		};
/* End PBXResourcesBuildPhase section */

/* Begin PBXShellScriptBuildPhase section */
		F1002F522BC6EAA6006C0D11 /* ShellScript */ = {
			isa = PBXShellScriptBuildPhase;
			buildActionMask = 2147483647;
			files = (
			);
			inputFileListPaths = (
			);
			inputPaths = (
			);
			outputFileListPaths = (
			);
			outputPaths = (
			);
			runOnlyForDeploymentPostprocessing = 0;
			shellPath = /bin/sh;
			shellScript = "# Type a script or drag a script file from your workspace to insert its path.\n";
		};
/* End PBXShellScriptBuildPhase section */

/* Begin PBXSourcesBuildPhase section */
		F1002FDA2BC70083006C0D11 /* Sources */ = {
			isa = PBXSourcesBuildPhase;
			buildActionMask = 2147483647;
			files = (
				F1002FE32BC70083006C0D11 /* ContentView.swift in Sources */,
				F1002FE12BC70083006C0D11 /* ParseTestApp.swift in Sources */,
			);
			runOnlyForDeploymentPostprocessing = 0;
		};
		F5A9BFBA1BE0248D00E78326 /* Sources */ = {
			isa = PBXSourcesBuildPhase;
			buildActionMask = 2147483647;
			files = (
				F5A88F531C9B7341002F0E0D /* Subscription.swift in Sources */,
				0632EDD41CA1A6DB00DD3CB8 /* Parse+LiveQuery.swift in Sources */,
				F5A88F501C9B7341002F0E0D /* ClientPrivate.swift in Sources */,
				F5A88F551C9B7341002F0E0D /* Errors.swift in Sources */,
				F5A88F4E1C9B7341002F0E0D /* QueryEncoder.swift in Sources */,
				F5A88F521C9B7341002F0E0D /* Client.swift in Sources */,
				F5A88F4F1C9B7341002F0E0D /* Operation.swift in Sources */,
				F5A88F561C9B7341002F0E0D /* PFQuery+Subscribe.swift in Sources */,
				4A819D9D1D937866009C0F61 /* ObjCCompat.swift in Sources */,
			);
			runOnlyForDeploymentPostprocessing = 0;
		};
/* End PBXSourcesBuildPhase section */

/* Begin XCBuildConfiguration section */
		F1002FE92BC70084006C0D11 /* Debug */ = {
			isa = XCBuildConfiguration;
			buildSettings = {
				ASSETCATALOG_COMPILER_APPICON_NAME = AppIcon;
				ASSETCATALOG_COMPILER_GENERATE_SWIFT_ASSET_SYMBOL_EXTENSIONS = YES;
				ASSETCATALOG_COMPILER_GLOBAL_ACCENT_COLOR_NAME = AccentColor;
				CLANG_ANALYZER_NONNULL = YES;
				CLANG_ANALYZER_NUMBER_OBJECT_CONVERSION = YES_AGGRESSIVE;
				CLANG_CXX_LANGUAGE_STANDARD = "gnu++20";
				CLANG_ENABLE_MODULES = YES;
				CLANG_ENABLE_OBJC_ARC = YES;
				CLANG_ENABLE_OBJC_WEAK = YES;
				CLANG_WARN_DIRECT_OBJC_ISA_USAGE = YES_ERROR;
				CLANG_WARN_DOCUMENTATION_COMMENTS = YES;
				CLANG_WARN_OBJC_ROOT_CLASS = YES_ERROR;
				CLANG_WARN_QUOTED_INCLUDE_IN_FRAMEWORK_HEADER = YES;
				CLANG_WARN_UNGUARDED_AVAILABILITY = YES_AGGRESSIVE;
				CODE_SIGN_STYLE = Automatic;
				COPY_PHASE_STRIP = NO;
				CURRENT_PROJECT_VERSION = 1;
				DEBUG_INFORMATION_FORMAT = dwarf;
				DEVELOPMENT_ASSET_PATHS = "\"ParseTest/Preview Content\"";
				ENABLE_PREVIEWS = YES;
				ENABLE_USER_SCRIPT_SANDBOXING = YES;
				GCC_C_LANGUAGE_STANDARD = gnu17;
				GCC_DYNAMIC_NO_PIC = NO;
				GCC_OPTIMIZATION_LEVEL = 0;
				GCC_PREPROCESSOR_DEFINITIONS = (
					"DEBUG=1",
					"$(inherited)",
				);
				GCC_WARN_ABOUT_RETURN_TYPE = YES_ERROR;
				GCC_WARN_UNINITIALIZED_AUTOS = YES_AGGRESSIVE;
				GENERATE_INFOPLIST_FILE = YES;
				INFOPLIST_KEY_UIApplicationSceneManifest_Generation = YES;
				INFOPLIST_KEY_UIApplicationSupportsIndirectInputEvents = YES;
				INFOPLIST_KEY_UILaunchScreen_Generation = YES;
				INFOPLIST_KEY_UISupportedInterfaceOrientations_iPad = "UIInterfaceOrientationPortrait UIInterfaceOrientationPortraitUpsideDown UIInterfaceOrientationLandscapeLeft UIInterfaceOrientationLandscapeRight";
				INFOPLIST_KEY_UISupportedInterfaceOrientations_iPhone = "UIInterfaceOrientationPortrait UIInterfaceOrientationLandscapeLeft UIInterfaceOrientationLandscapeRight";
				IPHONEOS_DEPLOYMENT_TARGET = 15.0;
				LD_RUNPATH_SEARCH_PATHS = (
					"$(inherited)",
					"@executable_path/Frameworks",
					"@loader_path/Frameworks",
					"@executable_path/Frameworks/ParseCore.framework/Frameworks",
					"@executable_path/Frameworks/TMGParseLiveQuery.framework/Frameworks",
				);
				LOCALIZATION_PREFERS_STRING_CATALOGS = YES;
				MACOSX_DEPLOYMENT_TARGET = "$(RECOMMENDED_MACOSX_DEPLOYMENT_TARGET)";
				MARKETING_VERSION = 1.0;
				MTL_ENABLE_DEBUG_INFO = INCLUDE_SOURCE;
				MTL_FAST_MATH = YES;
				PRODUCT_BUNDLE_IDENTIFIER = com.themeetgroup.ParseTest;
				PRODUCT_NAME = "$(TARGET_NAME)";
				SDKROOT = iphoneos;
				SWIFT_ACTIVE_COMPILATION_CONDITIONS = "DEBUG $(inherited)";
				SWIFT_EMIT_LOC_STRINGS = YES;
				SWIFT_OPTIMIZATION_LEVEL = "-Onone";
				SWIFT_VERSION = 5.0;
				TARGETED_DEVICE_FAMILY = "1,2";
			};
			name = Debug;
		};
		F1002FEA2BC70084006C0D11 /* Release */ = {
			isa = XCBuildConfiguration;
			buildSettings = {
				ASSETCATALOG_COMPILER_APPICON_NAME = AppIcon;
				ASSETCATALOG_COMPILER_GENERATE_SWIFT_ASSET_SYMBOL_EXTENSIONS = YES;
				ASSETCATALOG_COMPILER_GLOBAL_ACCENT_COLOR_NAME = AccentColor;
				CLANG_ANALYZER_NONNULL = YES;
				CLANG_ANALYZER_NUMBER_OBJECT_CONVERSION = YES_AGGRESSIVE;
				CLANG_CXX_LANGUAGE_STANDARD = "gnu++20";
				CLANG_ENABLE_MODULES = YES;
				CLANG_ENABLE_OBJC_ARC = YES;
				CLANG_ENABLE_OBJC_WEAK = YES;
				CLANG_WARN_DIRECT_OBJC_ISA_USAGE = YES_ERROR;
				CLANG_WARN_DOCUMENTATION_COMMENTS = YES;
				CLANG_WARN_OBJC_ROOT_CLASS = YES_ERROR;
				CLANG_WARN_QUOTED_INCLUDE_IN_FRAMEWORK_HEADER = YES;
				CLANG_WARN_UNGUARDED_AVAILABILITY = YES_AGGRESSIVE;
				CODE_SIGN_STYLE = Automatic;
				COPY_PHASE_STRIP = NO;
				CURRENT_PROJECT_VERSION = 1;
				DEBUG_INFORMATION_FORMAT = "dwarf-with-dsym";
				DEVELOPMENT_ASSET_PATHS = "\"ParseTest/Preview Content\"";
				ENABLE_NS_ASSERTIONS = NO;
				ENABLE_PREVIEWS = YES;
				ENABLE_USER_SCRIPT_SANDBOXING = YES;
				GCC_C_LANGUAGE_STANDARD = gnu17;
				GCC_WARN_ABOUT_RETURN_TYPE = YES_ERROR;
				GCC_WARN_UNINITIALIZED_AUTOS = YES_AGGRESSIVE;
				GENERATE_INFOPLIST_FILE = YES;
				INFOPLIST_KEY_UIApplicationSceneManifest_Generation = YES;
				INFOPLIST_KEY_UIApplicationSupportsIndirectInputEvents = YES;
				INFOPLIST_KEY_UILaunchScreen_Generation = YES;
				INFOPLIST_KEY_UISupportedInterfaceOrientations_iPad = "UIInterfaceOrientationPortrait UIInterfaceOrientationPortraitUpsideDown UIInterfaceOrientationLandscapeLeft UIInterfaceOrientationLandscapeRight";
				INFOPLIST_KEY_UISupportedInterfaceOrientations_iPhone = "UIInterfaceOrientationPortrait UIInterfaceOrientationLandscapeLeft UIInterfaceOrientationLandscapeRight";
				IPHONEOS_DEPLOYMENT_TARGET = 15.0;
				LD_RUNPATH_SEARCH_PATHS = (
					"$(inherited)",
					"@executable_path/Frameworks",
					"@loader_path/Frameworks",
					"@executable_path/Frameworks/ParseCore.framework/Frameworks",
					"@executable_path/Frameworks/TMGParseLiveQuery.framework/Frameworks",
				);
				LOCALIZATION_PREFERS_STRING_CATALOGS = YES;
				MACOSX_DEPLOYMENT_TARGET = "$(RECOMMENDED_MACOSX_DEPLOYMENT_TARGET)";
				MARKETING_VERSION = 1.0;
				MTL_ENABLE_DEBUG_INFO = NO;
				MTL_FAST_MATH = YES;
				PRODUCT_BUNDLE_IDENTIFIER = com.themeetgroup.ParseTest;
				PRODUCT_NAME = "$(TARGET_NAME)";
				SDKROOT = iphoneos;
				SWIFT_EMIT_LOC_STRINGS = YES;
				SWIFT_VERSION = 5.0;
				TARGETED_DEVICE_FAMILY = "1,2";
				VALIDATE_PRODUCT = YES;
			};
			name = Release;
		};
		F5256FE01BD71F9A0052FB8A /* Debug */ = {
			isa = XCBuildConfiguration;
			buildSettings = {
				ALWAYS_SEARCH_USER_PATHS = NO;
				CLANG_WARN_BLOCK_CAPTURE_AUTORELEASING = YES;
				CLANG_WARN_BOOL_CONVERSION = YES;
				CLANG_WARN_COMMA = YES;
				CLANG_WARN_CONSTANT_CONVERSION = YES;
				CLANG_WARN_DEPRECATED_OBJC_IMPLEMENTATIONS = YES;
				CLANG_WARN_EMPTY_BODY = YES;
				CLANG_WARN_ENUM_CONVERSION = YES;
				CLANG_WARN_INFINITE_RECURSION = YES;
				CLANG_WARN_INT_CONVERSION = YES;
				CLANG_WARN_NON_LITERAL_NULL_CONVERSION = YES;
				CLANG_WARN_OBJC_IMPLICIT_RETAIN_SELF = YES;
				CLANG_WARN_OBJC_LITERAL_CONVERSION = YES;
				CLANG_WARN_QUOTED_INCLUDE_IN_FRAMEWORK_HEADER = YES;
				CLANG_WARN_RANGE_LOOP_ANALYSIS = YES;
				CLANG_WARN_STRICT_PROTOTYPES = YES;
				CLANG_WARN_SUSPICIOUS_MOVE = YES;
				CLANG_WARN_UNREACHABLE_CODE = YES;
				CLANG_WARN__DUPLICATE_METHOD_MATCH = YES;
				DEAD_CODE_STRIPPING = YES;
				ENABLE_STRICT_OBJC_MSGSEND = YES;
				ENABLE_TESTABILITY = YES;
				GCC_NO_COMMON_BLOCKS = YES;
				GCC_WARN_64_TO_32_BIT_CONVERSION = YES;
				GCC_WARN_ABOUT_RETURN_TYPE = YES;
				GCC_WARN_UNDECLARED_SELECTOR = YES;
				GCC_WARN_UNINITIALIZED_AUTOS = YES;
				GCC_WARN_UNUSED_FUNCTION = YES;
				GCC_WARN_UNUSED_VARIABLE = YES;
				IPHONEOS_DEPLOYMENT_TARGET = 12.0;
				MACOSX_DEPLOYMENT_TARGET = 10.12;
				ONLY_ACTIVE_ARCH = YES;
				SWIFT_OBJC_BRIDGING_HEADER = "";
				SWIFT_VERSION = 4.2;
			};
			name = Debug;
		};
		F5256FE11BD71F9A0052FB8A /* Release */ = {
			isa = XCBuildConfiguration;
			buildSettings = {
				ALWAYS_SEARCH_USER_PATHS = NO;
				CLANG_WARN_BLOCK_CAPTURE_AUTORELEASING = YES;
				CLANG_WARN_BOOL_CONVERSION = YES;
				CLANG_WARN_COMMA = YES;
				CLANG_WARN_CONSTANT_CONVERSION = YES;
				CLANG_WARN_DEPRECATED_OBJC_IMPLEMENTATIONS = YES;
				CLANG_WARN_EMPTY_BODY = YES;
				CLANG_WARN_ENUM_CONVERSION = YES;
				CLANG_WARN_INFINITE_RECURSION = YES;
				CLANG_WARN_INT_CONVERSION = YES;
				CLANG_WARN_NON_LITERAL_NULL_CONVERSION = YES;
				CLANG_WARN_OBJC_IMPLICIT_RETAIN_SELF = YES;
				CLANG_WARN_OBJC_LITERAL_CONVERSION = YES;
				CLANG_WARN_QUOTED_INCLUDE_IN_FRAMEWORK_HEADER = YES;
				CLANG_WARN_RANGE_LOOP_ANALYSIS = YES;
				CLANG_WARN_STRICT_PROTOTYPES = YES;
				CLANG_WARN_SUSPICIOUS_MOVE = YES;
				CLANG_WARN_UNREACHABLE_CODE = YES;
				CLANG_WARN__DUPLICATE_METHOD_MATCH = YES;
				DEAD_CODE_STRIPPING = YES;
				ENABLE_STRICT_OBJC_MSGSEND = YES;
				GCC_NO_COMMON_BLOCKS = YES;
				GCC_WARN_64_TO_32_BIT_CONVERSION = YES;
				GCC_WARN_ABOUT_RETURN_TYPE = YES;
				GCC_WARN_UNDECLARED_SELECTOR = YES;
				GCC_WARN_UNINITIALIZED_AUTOS = YES;
				GCC_WARN_UNUSED_FUNCTION = YES;
				GCC_WARN_UNUSED_VARIABLE = YES;
				IPHONEOS_DEPLOYMENT_TARGET = 12.0;
				MACOSX_DEPLOYMENT_TARGET = 10.12;
				SWIFT_COMPILATION_MODE = wholemodule;
				SWIFT_OBJC_BRIDGING_HEADER = "";
				SWIFT_OPTIMIZATION_LEVEL = "-O";
				SWIFT_VERSION = 4.2;
			};
			name = Release;
		};
		F5A9BFC81BE0248D00E78326 /* Debug */ = {
			isa = XCBuildConfiguration;
			buildSettings = {
				BUILD_LIBRARY_FOR_DISTRIBUTION = NO;
				CLANG_ENABLE_MODULES = YES;
				CLANG_ENABLE_OBJC_WEAK = YES;
				CODE_SIGNING_REQUIRED = NO;
				CODE_SIGN_IDENTITY = "";
				DEFINES_MODULE = YES;
				DYLIB_COMPATIBILITY_VERSION = 1;
				DYLIB_CURRENT_VERSION = 1;
				DYLIB_INSTALL_NAME_BASE = "@rpath";
				ENABLE_MODULE_VERIFIER = YES;
				FRAMEWORK_VERSION = A;
				INFOPLIST_FILE = ParseLiveQuery/Info.plist;
				INSTALL_PATH = "$(LOCAL_LIBRARY_DIR)/Frameworks";
				IPHONEOS_DEPLOYMENT_TARGET = 12.0;
				LD_RUNPATH_SEARCH_PATHS = (
					"$(inherited)",
					"@executable_path/Frameworks",
					"@loader_path/Frameworks",
				);
				LIBRARY_SEARCH_PATHS = "$(inherited)";
				MACOSX_DEPLOYMENT_TARGET = "$(RECOMMENDED_MACOSX_DEPLOYMENT_TARGET)";
				MARKETING_VERSION = 2.8.2;
				MODULE_VERIFIER_SUPPORTED_LANGUAGE_STANDARDS = "gnu17 gnu++14";
				PRODUCT_BUNDLE_IDENTIFIER = com.parse.livequery.ios;
				PRODUCT_NAME = TMGParseLiveQuery;
				SDKROOT = iphoneos;
				SKIP_INSTALL = YES;
				SWIFT_INSTALL_OBJC_HEADER = YES;
				SWIFT_OPTIMIZATION_LEVEL = "-Onone";
				SWIFT_VERSION = 5.0;
				TARGETED_DEVICE_FAMILY = "1,2";
			};
			name = Debug;
		};
		F5A9BFC91BE0248D00E78326 /* Release */ = {
			isa = XCBuildConfiguration;
			buildSettings = {
				BUILD_LIBRARY_FOR_DISTRIBUTION = NO;
				CLANG_ENABLE_MODULES = YES;
				CLANG_ENABLE_OBJC_WEAK = YES;
				CODE_SIGNING_REQUIRED = NO;
				CODE_SIGN_IDENTITY = "";
				DEFINES_MODULE = YES;
				DYLIB_COMPATIBILITY_VERSION = 1;
				DYLIB_CURRENT_VERSION = 1;
				DYLIB_INSTALL_NAME_BASE = "@rpath";
				ENABLE_MODULE_VERIFIER = YES;
				FRAMEWORK_VERSION = A;
				INFOPLIST_FILE = ParseLiveQuery/Info.plist;
				INSTALL_PATH = "$(LOCAL_LIBRARY_DIR)/Frameworks";
				IPHONEOS_DEPLOYMENT_TARGET = 12.0;
				LD_RUNPATH_SEARCH_PATHS = (
					"$(inherited)",
					"@executable_path/Frameworks",
					"@loader_path/Frameworks",
				);
				LIBRARY_SEARCH_PATHS = "$(inherited)";
				MACOSX_DEPLOYMENT_TARGET = "$(RECOMMENDED_MACOSX_DEPLOYMENT_TARGET)";
				MARKETING_VERSION = 2.8.2;
				MODULE_VERIFIER_SUPPORTED_LANGUAGE_STANDARDS = "gnu17 gnu++14";
				PRODUCT_BUNDLE_IDENTIFIER = com.parse.livequery.ios;
				PRODUCT_NAME = TMGParseLiveQuery;
				SDKROOT = iphoneos;
				SKIP_INSTALL = YES;
				SWIFT_INSTALL_OBJC_HEADER = YES;
				SWIFT_VERSION = 5.0;
				TARGETED_DEVICE_FAMILY = "1,2";
			};
			name = Release;
		};
/* End XCBuildConfiguration section */

/* Begin XCConfigurationList section */
		F1002FEB2BC70084006C0D11 /* Build configuration list for PBXNativeTarget "ParseTest" */ = {
			isa = XCConfigurationList;
			buildConfigurations = (
				F1002FE92BC70084006C0D11 /* Debug */,
				F1002FEA2BC70084006C0D11 /* Release */,
			);
			defaultConfigurationIsVisible = 0;
			defaultConfigurationName = Release;
		};
		F5256FC81BD71F9A0052FB8A /* Build configuration list for PBXProject "ParseLiveQuery" */ = {
			isa = XCConfigurationList;
			buildConfigurations = (
				F5256FE01BD71F9A0052FB8A /* Debug */,
				F5256FE11BD71F9A0052FB8A /* Release */,
			);
			defaultConfigurationIsVisible = 0;
			defaultConfigurationName = Release;
		};
		F5A9BFC71BE0248D00E78326 /* Build configuration list for PBXNativeTarget "ParseLiveQuery-iOS" */ = {
			isa = XCConfigurationList;
			buildConfigurations = (
				F5A9BFC81BE0248D00E78326 /* Debug */,
				F5A9BFC91BE0248D00E78326 /* Release */,
			);
			defaultConfigurationIsVisible = 0;
			defaultConfigurationName = Release;
		};
/* End XCConfigurationList section */
	};
	rootObject = F5256FC51BD71F9A0052FB8A /* Project object */;
}
